
Microsoft Visual Studio Solution File, Format Version 12.00
# Visual Studio Version 17
VisualStudioVersion = 17.11.35327.3
MinimumVisualStudioVersion = 10.0.40219.1
Project("{FAE04EC0-301F-11D3-BF4B-00C04F79EFBC}") = "UsernameWatermarkApp", "UsernameWatermarkApp\UsernameWatermarkApp.csproj", "{E2E06812-B21D-4888-B1C0-2C5E4CB07572}"
EndProject
Global
	GlobalSection(SolutionConfigurationPlatforms) = preSolution
		Debug|Any CPU = Debug|Any CPU
		Release|Any CPU = Release|Any CPU
	EndGlobalSection
	GlobalSection(ProjectConfigurationPlatforms) = postSolution
		{E2E06812-B21D-4888-B1C0-2C5E4CB07572}.Debug|Any CPU.ActiveCfg = Release|Any CPU
		{E2E06812-B21D-4888-B1C0-2C5E4CB07572}.Debug|Any CPU.Build.0 = Release|Any CPU
		{E2E06812-B21D-4888-B1C0-2C5E4CB07572}.Release|Any CPU.ActiveCfg = Release|Any CPU
		{E2E06812-B21D-4888-B1C0-2C5E4CB07572}.Release|Any CPU.Build.0 = Release|Any CPU
	EndGlobalSection
	GlobalSection(SolutionProperties) = preSolution
		HideSolutionNode = FALSE
	EndGlobalSection
	GlobalSection(ExtensibilityGlobals) = postSolution
		SolutionGuid = {4C089973-9F3C-4374-88DD-A9B8C183932F}
	EndGlobalSection
EndGlobal
